Microsoft Visual Studio Solution File, Format Version 12.00
# Visual Studio Version 17
VisualStudioVersion = 17.5.2.0
MinimumVisualStudioVersion = 10.0.40219.1
Project("{FAE04EC0-301F-11D3-BF4B-00C04F79EFBC}") = "Proyecto-Fase 3", "Proyecto-Fase 3.csproj", "{ECFDC74F-2E3A-E505-5546-DFA2BBD4F03A}"
EndProject
Global
	GlobalSection(SolutionConfigurationPlatforms) = preSolution
		Debug|Any CPU = Debug|Any CPU
		Release|Any CPU = Release|Any CPU
	EndGlobalSection
	GlobalSection(ProjectConfigurationPlatforms) = postSolution
		{ECFDC74F-2E3A-E505-5546-DFA2BBD4F03A}.Debug|Any CPU.ActiveCfg = Debug|Any CPU
		{ECFDC74F-2E3A-E505-5546-DFA2BBD4F03A}.Debug|Any CPU.Build.0 = Debug|Any CPU
		{ECFDC74F-2E3A-E505-5546-DFA2BBD4F03A}.Release|Any CPU.ActiveCfg = Release|Any CPU
		{ECFDC74F-2E3A-E505-5546-DFA2BBD4F03A}.Release|Any CPU.Build.0 = Release|Any CPU
	EndGlobalSection
	GlobalSection(SolutionProperties) = preSolution
		HideSolutionNode = FALSE
	EndGlobalSection
	GlobalSection(ExtensibilityGlobals) = postSolution
		SolutionGuid = {0C2FA864-C6EE-4E52-9C8B-DE197E8643D1}
	EndGlobalSection
EndGlobal
